// !$*UTF8*$!
{
	archiveVersion = 1;
	classes = {
	};
	objectVersion = 46;
	objects = {

/* Begin PBXBuildFile section */
		810884E3193EA76200D0E7C6 /* TwitterPostInfo.m in Sources */ = {isa = PBXBuildFile; fileRef = 810884E2193EA76200D0E7C6 /* TwitterPostInfo.m */; };
		81088575193ED08100D0E7C6 /* Germany.png in Resources */ = {isa = PBXBuildFile; fileRef = 81088574193ED08100D0E7C6 /* Germany.png */; };
		81561DE8193D4DD500A0176A /* Foundation.framework in Frameworks */ = {isa = PBXBuildFile; fileRef = 81561DE7193D4DD500A0176A /* Foundation.framework */; };
		81561DEA193D4DD500A0176A /* CoreGraphics.framework in Frameworks */ = {isa = PBXBuildFile; fileRef = 81561DE9193D4DD500A0176A /* CoreGraphics.framework */; };
		81561DEC193D4DD500A0176A /* UIKit.framework in Frameworks */ = {isa = PBXBuildFile; fileRef = 81561DEB193D4DD500A0176A /* UIKit.framework */; };
		81561DF2193D4DD500A0176A /* InfoPlist.strings in Resources */ = {isa = PBXBuildFile; fileRef = 81561DF0193D4DD500A0176A /* InfoPlist.strings */; };
		81561DF4193D4DD500A0176A /* main.m in Sources */ = {isa = PBXBuildFile; fileRef = 81561DF3193D4DD500A0176A /* main.m */; };
		81561DF8193D4DD500A0176A /* AppDelegate.m in Sources */ = {isa = PBXBuildFile; fileRef = 81561DF7193D4DD500A0176A /* AppDelegate.m */; };
		81561DFB193D4DD500A0176A /* Main.storyboard in Resources */ = {isa = PBXBuildFile; fileRef = 81561DF9193D4DD500A0176A /* Main.storyboard */; };
		81561DFE193D4DD500A0176A /* ViewController.m in Sources */ = {isa = PBXBuildFile; fileRef = 81561DFD193D4DD500A0176A /* ViewController.m */; };
		81561E00193D4DD500A0176A /* Images.xcassets in Resources */ = {isa = PBXBuildFile; fileRef = 81561DFF193D4DD500A0176A /* Images.xcassets */; };
		81561E07193D4DD500A0176A /* XCTest.framework in Frameworks */ = {isa = PBXBuildFile; fileRef = 81561E06193D4DD500A0176A /* XCTest.framework */; };
		81561E08193D4DD500A0176A /* Foundation.framework in Frameworks */ = {isa = PBXBuildFile; fileRef = 81561DE7193D4DD500A0176A /* Foundation.framework */; };
		81561E09193D4DD500A0176A /* UIKit.framework in Frameworks */ = {isa = PBXBuildFile; fileRef = 81561DEB193D4DD500A0176A /* UIKit.framework */; };
		81561E11193D4DD500A0176A /* InfoPlist.strings in Resources */ = {isa = PBXBuildFile; fileRef = 81561E0F193D4DD500A0176A /* InfoPlist.strings */; };
		81561E13193D4DD500A0176A /* MDF_2_Test_1Tests.m in Sources */ = {isa = PBXBuildFile; fileRef = 81561E12193D4DD500A0176A /* MDF_2_Test_1Tests.m */; };
		81561E1D193D540000A0176A /* Accounts.framework in Frameworks */ = {isa = PBXBuildFile; fileRef = 81561E1C193D540000A0176A /* Accounts.framework */; };
		81561E62193D5F5100A0176A /* Social.framework in Frameworks */ = {isa = PBXBuildFile; fileRef = 81561E61193D5F5100A0176A /* Social.framework */; };
/* End PBXBuildFile section */

/* Begin PBXContainerItemProxy section */
		81561E0A193D4DD500A0176A /* PBXContainerItemProxy */ = {
			isa = PBXContainerItemProxy;
			containerPortal = 81561DDC193D4DD500A0176A /* Project object */;
			proxyType = 1;
			remoteGlobalIDString = 81561DE3193D4DD500A0176A;
			remoteInfo = "MDF 2 Test 1";
		};
/* End PBXContainerItemProxy section */

/* Begin PBXFileReference section */
		810884E1193EA76200D0E7C6 /* TwitterPostInfo.h */ = {isa = PBXFileReference; fileEncoding = 4; lastKnownFileType = sourcecode.c.h; path = TwitterPostInfo.h; sourceTree = "<group>"; };
		810884E2193EA76200D0E7C6 /* TwitterPostInfo.m */ = {isa = PBXFileReference; fileEncoding = 4; lastKnownFileType = sourcecode.c.objc; path = TwitterPostInfo.m; sourceTree = "<group>"; };
		81088574193ED08100D0E7C6 /* Germany.png */ = {isa = PBXFileReference; lastKnownFileType = image.png; path = Germany.png; sourceTree = "<group>"; };
		81561DE4193D4DD500A0176A /* MDF 2 Test 1.app */ = {isa = PBXFileReference; explicitFileType = wrapper.application; includeInIndex = 0; path = "MDF 2 Test 1.app"; sourceTree = BUILT_PRODUCTS_DIR; };
		81561DE7193D4DD500A0176A /* Foundation.framework */ = {isa = PBXFileReference; lastKnownFileType = wrapper.framework; name = Foundation.framework; path = System/Library/Frameworks/Foundation.framework; sourceTree = SDKROOT; };
		81561DE9193D4DD500A0176A /* CoreGraphics.framework */ = {isa = PBXFileReference; lastKnownFileType = wrapper.framework; name = CoreGraphics.framework; path = System/Library/Frameworks/CoreGraphics.framework; sourceTree = SDKROOT; };
		81561DEB193D4DD500A0176A /* UIKit.framework */ = {isa = PBXFileReference; lastKnownFileType = wrapper.framework; name = UIKit.framework; path = System/Library/Frameworks/UIKit.framework; sourceTree = SDKROOT; };
		81561DEF193D4DD500A0176A /* MDF 2 Test 1-Info.plist */ = {isa = PBXFileReference; lastKnownFileType = text.plist.xml; path = "MDF 2 Test 1-Info.plist"; sourceTree = "<group>"; };
		81561DF1193D4DD500A0176A /* en */ = {isa = PBXFileReference; lastKnownFileType = text.plist.strings; name = en; path = en.lproj/InfoPlist.strings; sourceTree = "<group>"; };
		81561DF3193D4DD500A0176A /* main.m */ = {isa = PBXFileReference; lastKnownFileType = sourcecode.c.objc; path = main.m; sourceTree = "<group>"; };
		81561DF5193D4DD500A0176A /* MDF 2 Test 1-Prefix.pch */ = {isa = PBXFileReference; lastKnownFileType = sourcecode.c.h; path = "MDF 2 Test 1-Prefix.pch"; sourceTree = "<group>"; };
		81561DF6193D4DD500A0176A /* AppDelegate.h */ = {isa = PBXFileReference; lastKnownFileType = sourcecode.c.h; path = AppDelegate.h; sourceTree = "<group>"; };
		81561DF7193D4DD500A0176A /* AppDelegate.m */ = {isa = PBXFileReference; lastKnownFileType = sourcecode.c.objc; path = AppDelegate.m; sourceTree = "<group>"; };
		81561DFA193D4DD500A0176A /* Base */ = {isa = PBXFileReference; lastKnownFileType = file.storyboard; name = Base; path = Base.lproj/Main.storyboard; sourceTree = "<group>"; };
		81561DFC193D4DD500A0176A /* ViewController.h */ = {isa = PBXFileReference; lastKnownFileType = sourcecode.c.h; path = ViewController.h; sourceTree = "<group>"; };
		81561DFD193D4DD500A0176A /* ViewController.m */ = {isa = PBXFileReference; lastKnownFileType = sourcecode.c.objc; path = ViewController.m; sourceTree = "<group>"; };
		81561DFF193D4DD500A0176A /* Images.xcassets */ = {isa = PBXFileReference; lastKnownFileType = folder.assetcatalog; path = Images.xcassets; sourceTree = "<group>"; };
		81561E05193D4DD500A0176A /* MDF 2 Test 1Tests.xctest */ = {isa = PBXFileReference; explicitFileType = wrapper.cfbundle; includeInIndex = 0; path = "MDF 2 Test 1Tests.xctest"; sourceTree = BUILT_PRODUCTS_DIR; };
		81561E06193D4DD500A0176A /* XCTest.framework */ = {isa = PBXFileReference; lastKnownFileType = wrapper.framework; name = XCTest.framework; path = Library/Frameworks/XCTest.framework; sourceTree = DEVELOPER_DIR; };
		81561E0E193D4DD500A0176A /* MDF 2 Test 1Tests-Info.plist */ = {isa = PBXFileReference; lastKnownFileType = text.plist.xml; path = "MDF 2 Test 1Tests-Info.plist"; sourceTree = "<group>"; };
		81561E10193D4DD500A0176A /* en */ = {isa = PBXFileReference; lastKnownFileType = text.plist.strings; name = en; path = en.lproj/InfoPlist.strings; sourceTree = "<group>"; };
		81561E12193D4DD500A0176A /* MDF_2_Test_1Tests.m */ = {isa = PBXFileReference; lastKnownFileType = sourcecode.c.objc; path = MDF_2_Test_1Tests.m; sourceTree = "<group>"; };
		81561E1C193D540000A0176A /* Accounts.framework */ = {isa = PBXFileReference; lastKnownFileType = wrapper.framework; name = Accounts.framework; path = System/Library/Frameworks/Accounts.framework; sourceTree = SDKROOT; };
		81561E61193D5F5100A0176A /* Social.framework */ = {isa = PBXFileReference; lastKnownFileType = wrapper.framework; name = Social.framework; path = System/Library/Frameworks/Social.framework; sourceTree = SDKROOT; };
/* End PBXFileReference section */

/* Begin PBXFrameworksBuildPhase section */
		81561DE1193D4DD500A0176A /* Frameworks */ = {
			isa = PBXFrameworksBuildPhase;
			buildActionMask = 2147483647;
			files = (
				81561E62193D5F5100A0176A /* Social.framework in Frameworks */,
				81561E1D193D540000A0176A /* Accounts.framework in Frameworks */,
				81561DEA193D4DD500A0176A /* CoreGraphics.framework in Frameworks */,
				81561DEC193D4DD500A0176A /* UIKit.framework in Frameworks */,
				81561DE8193D4DD500A0176A /* Foundation.framework in Frameworks */,
			);
			runOnlyForDeploymentPostprocessing = 0;
		};
		81561E02193D4DD500A0176A /* Frameworks */ = {
			isa = PBXFrameworksBuildPhase;
			buildActionMask = 2147483647;
			files = (
				81561E07193D4DD500A0176A /* XCTest.framework in Frameworks */,
				81561E09193D4DD500A0176A /* UIKit.framework in Frameworks */,
				81561E08193D4DD500A0176A /* Foundation.framework in Frameworks */,
			);
			runOnlyForDeploymentPostprocessing = 0;
		};
/* End PBXFrameworksBuildPhase section */

/* Begin PBXGroup section */
		81561DDB193D4DD500A0176A = {
			isa = PBXGroup;
			children = (
				81561DED193D4DD500A0176A /* MDF 2 Test 1 */,
				81561E0C193D4DD500A0176A /* MDF 2 Test 1Tests */,
				81561DE6193D4DD500A0176A /* Frameworks */,
				81561DE5193D4DD500A0176A /* Products */,
			);
			sourceTree = "<group>";
		};
		81561DE5193D4DD500A0176A /* Products */ = {
			isa = PBXGroup;
			children = (
				81561DE4193D4DD500A0176A /* MDF 2 Test 1.app */,
				81561E05193D4DD500A0176A /* MDF 2 Test 1Tests.xctest */,
			);
			name = Products;
			sourceTree = "<group>";
		};
		81561DE6193D4DD500A0176A /* Frameworks */ = {
			isa = PBXGroup;
			children = (
				81561E61193D5F5100A0176A /* Social.framework */,
				81561E1C193D540000A0176A /* Accounts.framework */,
				81561DE7193D4DD500A0176A /* Foundation.framework */,
				81561DE9193D4DD500A0176A /* CoreGraphics.framework */,
				81561DEB193D4DD500A0176A /* UIKit.framework */,
				81561E06193D4DD500A0176A /* XCTest.framework */,
			);
			name = Frameworks;
			sourceTree = "<group>";
		};
		81561DED193D4DD500A0176A /* MDF 2 Test 1 */ = {
			isa = PBXGroup;
			children = (
				81088574193ED08100D0E7C6 /* Germany.png */,
				81561DF6193D4DD500A0176A /* AppDelegate.h */,
				81561DF7193D4DD500A0176A /* AppDelegate.m */,
				81561DF9193D4DD500A0176A /* Main.storyboard */,
				81561DFC193D4DD500A0176A /* ViewController.h */,
				81561DFD193D4DD500A0176A /* ViewController.m */,
				81561DFF193D4DD500A0176A /* Images.xcassets */,
				81561DEE193D4DD500A0176A /* Supporting Files */,
				810884E1193EA76200D0E7C6 /* TwitterPostInfo.h */,
				810884E2193EA76200D0E7C6 /* TwitterPostInfo.m */,
			);
			path = "MDF 2 Test 1";
			sourceTree = "<group>";
		};
		81561DEE193D4DD500A0176A /* Supporting Files */ = {
			isa = PBXGroup;
			children = (
				81561DEF193D4DD500A0176A /* MDF 2 Test 1-Info.plist */,
				81561DF0193D4DD500A0176A /* InfoPlist.strings */,
				81561DF3193D4DD500A0176A /* main.m */,
				81561DF5193D4DD500A0176A /* MDF 2 Test 1-Prefix.pch */,
			);
			name = "Supporting Files";
			sourceTree = "<group>";
		};
		81561E0C193D4DD500A0176A /* MDF 2 Test 1Tests */ = {
			isa = PBXGroup;
			children = (
				81561E12193D4DD500A0176A /* MDF_2_Test_1Tests.m */,
				81561E0D193D4DD500A0176A /* Supporting Files */,
			);
			path = "MDF 2 Test 1Tests";
			sourceTree = "<group>";
		};
		81561E0D193D4DD500A0176A /* Supporting Files */ = {
			isa = PBXGroup;
			children = (
				81561E0E193D4DD500A0176A /* MDF 2 Test 1Tests-Info.plist */,
				81561E0F193D4DD500A0176A /* InfoPlist.strings */,
			);
			name = "Supporting Files";
			sourceTree = "<group>";
		};
/* End PBXGroup section */

/* Begin PBXNativeTarget section */
		81561DE3193D4DD500A0176A /* MDF 2 Test 1 */ = {
			isa = PBXNativeTarget;
			buildConfigurationList = 81561E16193D4DD500A0176A /* Build configuration list for PBXNativeTarget "MDF 2 Test 1" */;
			buildPhases = (
				81561DE0193D4DD500A0176A /* Sources */,
				81561DE1193D4DD500A0176A /* Frameworks */,
				81561DE2193D4DD500A0176A /* Resources */,
			);
			buildRules = (
			);
			dependencies = (
			);
			name = "MDF 2 Test 1";
			productName = "MDF 2 Test 1";
			productReference = 81561DE4193D4DD500A0176A /* MDF 2 Test 1.app */;
			productType = "com.apple.product-type.application";
		};
		81561E04193D4DD500A0176A /* MDF 2 Test 1Tests */ = {
			isa = PBXNativeTarget;
			buildConfigurationList = 81561E19193D4DD500A0176A /* Build configuration list for PBXNativeTarget "MDF 2 Test 1Tests" */;
			buildPhases = (
				81561E01193D4DD500A0176A /* Sources */,
				81561E02193D4DD500A0176A /* Frameworks */,
				81561E03193D4DD500A0176A /* Resources */,
			);
			buildRules = (
			);
			dependencies = (
				81561E0B193D4DD500A0176A /* PBXTargetDependency */,
			);
			name = "MDF 2 Test 1Tests";
			productName = "MDF 2 Test 1Tests";
			productReference = 81561E05193D4DD500A0176A /* MDF 2 Test 1Tests.xctest */;
			productType = "com.apple.product-type.bundle.unit-test";
		};
/* End PBXNativeTarget section */

/* Begin PBXProject section */
		81561DDC193D4DD500A0176A /* Project object */ = {
			isa = PBXProject;
			attributes = {
				LastUpgradeCheck = 0510;
				ORGANIZATIONNAME = "Me Time Studios";
				TargetAttributes = {
					81561E04193D4DD500A0176A = {
						TestTargetID = 81561DE3193D4DD500A0176A;
					};
				};
			};
			buildConfigurationList = 81561DDF193D4DD500A0176A /* Build configuration list for PBXProject "MDF 2 Test 1" */;
			compatibilityVersion = "Xcode 3.2";
			developmentRegion = English;
			hasScannedForEncodings = 0;
			knownRegions = (
				en,
				Base,
			);
			mainGroup = 81561DDB193D4DD500A0176A;
			productRefGroup = 81561DE5193D4DD500A0176A /* Products */;
			projectDirPath = "";
			projectRoot = "";
			targets = (
				81561DE3193D4DD500A0176A /* MDF 2 Test 1 */,
				81561E04193D4DD500A0176A /* MDF 2 Test 1Tests */,
			);
		};
/* End PBXProject section */

/* Begin PBXResourcesBuildPhase section */
		81561DE2193D4DD500A0176A /* Resources */ = {
			isa = PBXResourcesBuildPhase;
			buildActionMask = 2147483647;
			files = (
				81561E00193D4DD500A0176A /* Images.xcassets in Resources */,
				81088575193ED08100D0E7C6 /* Germany.png in Resources */,
				81561DF2193D4DD500A0176A /* InfoPlist.strings in Resources */,
				81561DFB193D4DD500A0176A /* Main.storyboard in Resources */,
			);
			runOnlyForDeploymentPostprocessing = 0;
		};
		81561E03193D4DD500A0176A /* Resources */ = {
			isa = PBXResourcesBuildPhase;
			buildActionMask = 2147483647;
			files = (
				81561E11193D4DD500A0176A /* InfoPlist.strings in Resources */,
			);
			runOnlyForDeploymentPostprocessing = 0;
		};
/* End PBXResourcesBuildPhase section */

/* Begin PBXSourcesBuildPhase section */
		81561DE0193D4DD500A0176A /* Sources */ = {
			isa = PBXSourcesBuildPhase;
			buildActionMask = 2147483647;
			files = (
				81561DFE193D4DD500A0176A /* ViewController.m in Sources */,
				810884E3193EA76200D0E7C6 /* TwitterPostInfo.m in Sources */,
				81561DF8193D4DD500A0176A /* AppDelegate.m in Sources */,
				81561DF4193D4DD500A0176A /* main.m in Sources */,
			);
			runOnlyForDeploymentPostprocessing = 0;
		};
		81561E01193D4DD500A0176A /* Sources */ = {
			isa = PBXSourcesBuildPhase;
			buildActionMask = 2147483647;
			files = (
				81561E13193D4DD500A0176A /* MDF_2_Test_1Tests.m in Sources */,
			);
			runOnlyForDeploymentPostprocessing = 0;
		};
/* End PBXSourcesBuildPhase section */

/* Begin PBXTargetDependency section */
		81561E0B193D4DD500A0176A /* PBXTargetDependency */ = {
			isa = PBXTargetDependency;
			target = 81561DE3193D4DD500A0176A /* MDF 2 Test 1 */;
			targetProxy = 81561E0A193D4DD500A0176A /* PBXContainerItemProxy */;
		};
/* End PBXTargetDependency section */

/* Begin PBXVariantGroup section */
		81561DF0193D4DD500A0176A /* InfoPlist.strings */ = {
			isa = PBXVariantGroup;
			children = (
				81561DF1193D4DD500A0176A /* en */,
			);
			name = InfoPlist.strings;
			sourceTree = "<group>";
		};
		81561DF9193D4DD500A0176A /* Main.storyboard */ = {
			isa = PBXVariantGroup;
			children = (
				81561DFA193D4DD500A0176A /* Base */,
			);
			name = Main.storyboard;
			sourceTree = "<group>";
		};
		81561E0F193D4DD500A0176A /* InfoPlist.strings */ = {
			isa = PBXVariantGroup;
			children = (
				81561E10193D4DD500A0176A /* en */,
			);
			name = InfoPlist.strings;
			sourceTree = "<group>";
		};
/* End PBXVariantGroup section */

/* Begin XCBuildConfiguration section */
		81561E14193D4DD500A0176A /* Debug */ = {
			isa = XCBuildConfiguration;
			buildSettings = {
				ALWAYS_SEARCH_USER_PATHS = NO;
				CLANG_CXX_LANGUAGE_STANDARD = "gnu++0x";
				CLANG_CXX_LIBRARY = "libc++";
				CLANG_ENABLE_MODULES = YES;
				CLANG_ENABLE_OBJC_ARC = YES;
				CLANG_WARN_BOOL_CONVERSION = YES;
				CLANG_WARN_CONSTANT_CONVERSION = YES;
				CLANG_WARN_DIRECT_OBJC_ISA_USAGE = YES_ERROR;
				CLANG_WARN_EMPTY_BODY = YES;
				CLANG_WARN_ENUM_CONVERSION = YES;
				CLANG_WARN_INT_CONVERSION = YES;
				CLANG_WARN_OBJC_ROOT_CLASS = YES_ERROR;
				CLANG_WARN__DUPLICATE_METHOD_MATCH = YES;
				"CODE_SIGN_IDENTITY[sdk=iphoneos*]" = "iPhone Developer";
				COPY_PHASE_STRIP = NO;
				GCC_C_LANGUAGE_STANDARD = gnu99;
				GCC_DYNAMIC_NO_PIC = NO;
				GCC_OPTIMIZATION_LEVEL = 0;
				GCC_PREPROCESSOR_DEFINITIONS = (
					"DEBUG=1",
					"$(inherited)",
				);
				GCC_SYMBOLS_PRIVATE_EXTERN = NO;
				GCC_WARN_64_TO_32_BIT_CONVERSION = YES;
				GCC_WARN_ABOUT_RETURN_TYPE = YES_ERROR;
				GCC_WARN_UNDECLARED_SELECTOR = YES;
				GCC_WARN_UNINITIALIZED_AUTOS = YES_AGGRESSIVE;
				GCC_WARN_UNUSED_FUNCTION = YES;
				GCC_WARN_UNUSED_VARIABLE = YES;
				IPHONEOS_DEPLOYMENT_TARGET = 7.1;
				ONLY_ACTIVE_ARCH = YES;
				SDKROOT = iphoneos;
			};
			name = Debug;
		};
		81561E15193D4DD500A0176A /* Release */ = {
			isa = XCBuildConfiguration;
			buildSettings = {
				ALWAYS_SEARCH_USER_PATHS = NO;
				CLANG_CXX_LANGUAGE_STANDARD = "gnu++0x";
				CLANG_CXX_LIBRARY = "libc++";
				CLANG_ENABLE_MODULES = YES;
				CLANG_ENABLE_OBJC_ARC = YES;
				CLANG_WARN_BOOL_CONVERSION = YES;
				CLANG_WARN_CONSTANT_CONVERSION = YES;
				CLANG_WARN_DIRECT_OBJC_ISA_USAGE = YES_ERROR;
				CLANG_WARN_EMPTY_BODY = YES;
				CLANG_WARN_ENUM_CONVERSION = YES;
				CLANG_WARN_INT_CONVERSION = YES;
				CLANG_WARN_OBJC_ROOT_CLASS = YES_ERROR;
				CLANG_WARN__DUPLICATE_METHOD_MATCH = YES;
				"CODE_SIGN_IDENTITY[sdk=iphoneos*]" = "iPhone Developer";
				COPY_PHASE_STRIP = YES;
				ENABLE_NS_ASSERTIONS = NO;
				GCC_C_LANGUAGE_STANDARD = gnu99;
				GCC_WARN_64_TO_32_BIT_CONVERSION = YES;
				GCC_WARN_ABOUT_RETURN_TYPE = YES_ERROR;
				GCC_WARN_UNDECLARED_SELECTOR = YES;
				GCC_WARN_UNINITIALIZED_AUTOS = YES_AGGRESSIVE;
				GCC_WARN_UNUSED_FUNCTION = YES;
				GCC_WARN_UNUSED_VARIABLE = YES;
				IPHONEOS_DEPLOYMENT_TARGET = 7.1;
				SDKROOT = iphoneos;
				VALIDATE_PRODUCT = YES;
			};
			name = Release;
		};
		81561E17193D4DD500A0176A /* Debug */ = {
			isa = XCBuildConfiguration;
			buildSettings = {
				ASSETCATALOG_COMPILER_APPICON_NAME = AppIcon;
				ASSETCATALOG_COMPILER_LAUNCHIMAGE_NAME = LaunchImage;
				GCC_PRECOMPILE_PREFIX_HEADER = YES;
				GCC_PREFIX_HEADER = "MDF 2 Test 1/MDF 2 Test 1-Prefix.pch";
				INFOPLIST_FILE = "MDF 2 Test 1/MDF 2 Test 1-Info.plist";
				PRODUCT_NAME = "$(TARGET_NAME)";
				WRAPPER_EXTENSION = app;
			};
			name = Debug;
		};
		81561E18193D4DD500A0176A /* Release */ = {
			isa = XCBuildConfiguration;
			buildSettings = {
				ASSETCATALOG_COMPILER_APPICON_NAME = AppIcon;
				ASSETCATALOG_COMPILER_LAUNCHIMAGE_NAME = LaunchImage;
				GCC_PRECOMPILE_PREFIX_HEADER = YES;
				GCC_PREFIX_HEADER = "MDF 2 Test 1/MDF 2 Test 1-Prefix.pch";
				INFOPLIST_FILE = "MDF 2 Test 1/MDF 2 Test 1-Info.plist";
				PRODUCT_NAME = "$(TARGET_NAME)";
				WRAPPER_EXTENSION = app;
			};
			name = Release;
		};
		81561E1A193D4DD500A0176A /* Debug */ = {
			isa = XCBuildConfiguration;
			buildSettings = {
				BUNDLE_LOADER = "$(BUILT_PRODUCTS_DIR)/MDF 2 Test 1.app/MDF 2 Test 1";
				FRAMEWORK_SEARCH_PATHS = (
					"$(SDKROOT)/Developer/Library/Frameworks",
					"$(inherited)",
					"$(DEVELOPER_FRAMEWORKS_DIR)",
				);
				GCC_PRECOMPILE_PREFIX_HEADER = YES;
				GCC_PREFIX_HEADER = "MDF 2 Test 1/MDF 2 Test 1-Prefix.pch";
				GCC_PREPROCESSOR_DEFINITIONS = (
					"DEBUG=1",
					"$(inherited)",
				);
				INFOPLIST_FILE = "MDF 2 Test 1Tests/MDF 2 Test 1Tests-Info.plist";
				PRODUCT_NAME = "$(TARGET_NAME)";
				TEST_HOST = "$(BUNDLE_LOADER)";
				WRAPPER_EXTENSION = xctest;
			};
			name = Debug;
		};
		81561E1B193D4DD500A0176A /* Release */ = {
			isa = XCBuildConfiguration;
			buildSettings = {
				BUNDLE_LOADER = "$(BUILT_PRODUCTS_DIR)/MDF 2 Test 1.app/MDF 2 Test 1";
				FRAMEWORK_SEARCH_PATHS = (
					"$(SDKROOT)/Developer/Library/Frameworks",
					"$(inherited)",
					"$(DEVELOPER_FRAMEWORKS_DIR)",
				);
				GCC_PRECOMPILE_PREFIX_HEADER = YES;
				GCC_PREFIX_HEADER = "MDF 2 Test 1/MDF 2 Test 1-Prefix.pch";
				INFOPLIST_FILE = "MDF 2 Test 1Tests/MDF 2 Test 1Tests-Info.plist";
				PRODUCT_NAME = "$(TARGET_NAME)";
				TEST_HOST = "$(BUNDLE_LOADER)";
				WRAPPER_EXTENSION = xctest;
			};
			name = Release;
		};
/* End XCBuildConfiguration section */

/* Begin XCConfigurationList section */
		81561DDF193D4DD500A0176A /* Build configuration list for PBXProject "MDF 2 Test 1" */ = {
			isa = XCConfigurationList;
			buildConfigurations = (
				81561E14193D4DD500A0176A /* Debug */,
				81561E15193D4DD500A0176A /* Release */,
			);
			defaultConfigurationIsVisible = 0;
			defaultConfigurationName = Release;
		};
		81561E16193D4DD500A0176A /* Build configuration list for PBXNativeTarget "MDF 2 Test 1" */ = {
			isa = XCConfigurationList;
			buildConfigurations = (
				81561E17193D4DD500A0176A /* Debug */,
				81561E18193D4DD500A0176A /* Release */,
			);
			defaultConfigurationIsVisible = 0;
			defaultConfigurationName = Release;
		};
		81561E19193D4DD500A0176A /* Build configuration list for PBXNativeTarget "MDF 2 Test 1Tests" */ = {
			isa = XCConfigurationList;
			buildConfigurations = (
				81561E1A193D4DD500A0176A /* Debug */,
				81561E1B193D4DD500A0176A /* Release */,
			);
			defaultConfigurationIsVisible = 0;
			defaultConfigurationName = Release;
		};
/* End XCConfigurationList section */
	};
	rootObject = 81561DDC193D4DD500A0176A /* Project object */;
}
